{
  "version": 4,
  "terraform_version": "1.3.7",
  "serial": 1,
  "lineage": "738a3e2a-bc9b-92c2-81e5-b6e7f273edca",
  "outputs": {},
  "resources": [
    {
      "mode": "managed",
      "type": "local_file",
      "name": "try",
      "provider": "provider[\"registry.terraform.io/hashicorp/local\"]",
      "instances": [
        {
          "schema_version": 0,
          "attributes": {
            "content": "hey there",
            "content_base64": null,
            "directory_permission": "0777",
            "file_permission": "0777",
            "filename": "./a.txt",
            "id": "6b1c01703b68cf9b35ab049385900b5c428651b6",
            "sensitive_content": null,
            "source": null
          },
          "sensitive_attributes": []
        }
      ]
    }
  ],
  "check_results": null
}
